// !$*UTF8*$!
{
	archiveVersion = 1;
	classes = {
	};
	objectVersion = 50;
	objects = {

/* Begin PBXBuildFile section */
		C200BE5D2590B08100ADC009 /* AppDelegate.swift in Sources */ = {isa = PBXBuildFile; fileRef = C200BE5C2590B08100ADC009 /* AppDelegate.swift */; };
		C200BE5F2590B08100ADC009 /* ViewController.swift in Sources */ = {isa = PBXBuildFile; fileRef = C200BE5E2590B08100ADC009 /* ViewController.swift */; };
		C200BE642590B08100ADC009 /* Main.storyboard in Resources */ = {isa = PBXBuildFile; fileRef = C200BE622590B08100ADC009 /* Main.storyboard */; };
		C200BE662590B08300ADC009 /* Assets.xcassets in Resources */ = {isa = PBXBuildFile; fileRef = C200BE652590B08300ADC009 /* Assets.xcassets */; };
		C200BE692590B08300ADC009 /* LaunchScreen.storyboard in Resources */ = {isa = PBXBuildFile; fileRef = C200BE672590B08300ADC009 /* LaunchScreen.storyboard */; };
		C200BE742590B08300ADC009 /* TinyToyTankTests.swift in Sources */ = {isa = PBXBuildFile; fileRef = C200BE732590B08300ADC009 /* TinyToyTankTests.swift */; };
		C200BE7F2590B08300ADC009 /* TinyToyTankUITests.swift in Sources */ = {isa = PBXBuildFile; fileRef = C200BE7E2590B08300ADC009 /* TinyToyTankUITests.swift */; };
		C200BE932590B18E00ADC009 /* TinyToyTank.rcproject in Sources */ = {isa = PBXBuildFile; fileRef = C200BE922590B18E00ADC009 /* TinyToyTank.rcproject */; };
/* End PBXBuildFile section */

/* Begin PBXContainerItemProxy section */
		C200BE702590B08300ADC009 /* PBXContainerItemProxy */ = {
			isa = PBXContainerItemProxy;
			containerPortal = C200BE512590B08100ADC009 /* Project object */;
			proxyType = 1;
			remoteGlobalIDString = C200BE582590B08100ADC009;
			remoteInfo = TinyToyTank;
		};
		C200BE7B2590B08300ADC009 /* PBXContainerItemProxy */ = {
			isa = PBXContainerItemProxy;
			containerPortal = C200BE512590B08100ADC009 /* Project object */;
			proxyType = 1;
			remoteGlobalIDString = C200BE582590B08100ADC009;
			remoteInfo = TinyToyTank;
		};
/* End PBXContainerItemProxy section */

/* Begin PBXFileReference section */
		C200BE592590B08100ADC009 /* TinyToyTank.app */ = {isa = PBXFileReference; explicitFileType = wrapper.application; includeInIndex = 0; path = TinyToyTank.app; sourceTree = BUILT_PRODUCTS_DIR; };
		C200BE5C2590B08100ADC009 /* AppDelegate.swift */ = {isa = PBXFileReference; lastKnownFileType = sourcecode.swift; path = AppDelegate.swift; sourceTree = "<group>"; };
		C200BE5E2590B08100ADC009 /* ViewController.swift */ = {isa = PBXFileReference; lastKnownFileType = sourcecode.swift; path = ViewController.swift; sourceTree = "<group>"; };
		C200BE632590B08100ADC009 /* Base */ = {isa = PBXFileReference; lastKnownFileType = file.storyboard; name = Base; path = Base.lproj/Main.storyboard; sourceTree = "<group>"; };
		C200BE652590B08300ADC009 /* Assets.xcassets */ = {isa = PBXFileReference; lastKnownFileType = folder.assetcatalog; path = Assets.xcassets; sourceTree = "<group>"; };
		C200BE682590B08300ADC009 /* Base */ = {isa = PBXFileReference; lastKnownFileType = file.storyboard; name = Base; path = Base.lproj/LaunchScreen.storyboard; sourceTree = "<group>"; };
		C200BE6A2590B08300ADC009 /* Info.plist */ = {isa = PBXFileReference; lastKnownFileType = text.plist.xml; path = Info.plist; sourceTree = "<group>"; };
		C200BE6F2590B08300ADC009 /* TinyToyTankTests.xctest */ = {isa = PBXFileReference; explicitFileType = wrapper.cfbundle; includeInIndex = 0; path = TinyToyTankTests.xctest; sourceTree = BUILT_PRODUCTS_DIR; };
		C200BE732590B08300ADC009 /* TinyToyTankTests.swift */ = {isa = PBXFileReference; lastKnownFileType = sourcecode.swift; path = TinyToyTankTests.swift; sourceTree = "<group>"; };
		C200BE752590B08300ADC009 /* Info.plist */ = {isa = PBXFileReference; lastKnownFileType = text.plist.xml; path = Info.plist; sourceTree = "<group>"; };
		C200BE7A2590B08300ADC009 /* TinyToyTankUITests.xctest */ = {isa = PBXFileReference; explicitFileType = wrapper.cfbundle; includeInIndex = 0; path = TinyToyTankUITests.xctest; sourceTree = BUILT_PRODUCTS_DIR; };
		C200BE7E2590B08300ADC009 /* TinyToyTankUITests.swift */ = {isa = PBXFileReference; lastKnownFileType = sourcecode.swift; path = TinyToyTankUITests.swift; sourceTree = "<group>"; };
		C200BE802590B08300ADC009 /* Info.plist */ = {isa = PBXFileReference; lastKnownFileType = text.plist.xml; path = Info.plist; sourceTree = "<group>"; };
		C200BE922590B18E00ADC009 /* TinyToyTank.rcproject */ = {isa = PBXFileReference; lastKnownFileType = file.rcproject; name = TinyToyTank.rcproject; path = ../../starter/resources/TinyToyTank/TinyToyTank.rcproject; sourceTree = "<group>"; };
/* End PBXFileReference section */

/* Begin PBXFrameworksBuildPhase section */
		C200BE562590B08100ADC009 /* Frameworks */ = {
			isa = PBXFrameworksBuildPhase;
			buildActionMask = 2147483647;
			files = (
			);
			runOnlyForDeploymentPostprocessing = 0;
		};
		C200BE6C2590B08300ADC009 /* Frameworks */ = {
			isa = PBXFrameworksBuildPhase;
			buildActionMask = 2147483647;
			files = (
			);
			runOnlyForDeploymentPostprocessing = 0;
		};
		C200BE772590B08300ADC009 /* Frameworks */ = {
			isa = PBXFrameworksBuildPhase;
			buildActionMask = 2147483647;
			files = (
			);
			runOnlyForDeploymentPostprocessing = 0;
		};
/* End PBXFrameworksBuildPhase section */

/* Begin PBXGroup section */
		C200BE502590B08100ADC009 = {
			isa = PBXGroup;
			children = (
				C200BE5B2590B08100ADC009 /* TinyToyTank */,
				C200BE722590B08300ADC009 /* TinyToyTankTests */,
				C200BE7D2590B08300ADC009 /* TinyToyTankUITests */,
				C200BE5A2590B08100ADC009 /* Products */,
			);
			sourceTree = "<group>";
		};
		C200BE5A2590B08100ADC009 /* Products */ = {
			isa = PBXGroup;
			children = (
				C200BE592590B08100ADC009 /* TinyToyTank.app */,
				C200BE6F2590B08300ADC009 /* TinyToyTankTests.xctest */,
				C200BE7A2590B08300ADC009 /* TinyToyTankUITests.xctest */,
			);
			name = Products;
			sourceTree = "<group>";
		};
		C200BE5B2590B08100ADC009 /* TinyToyTank */ = {
			isa = PBXGroup;
			children = (
				C200BE5C2590B08100ADC009 /* AppDelegate.swift */,
				C200BE5E2590B08100ADC009 /* ViewController.swift */,
				C200BE922590B18E00ADC009 /* TinyToyTank.rcproject */,
				C200BE622590B08100ADC009 /* Main.storyboard */,
				C200BE652590B08300ADC009 /* Assets.xcassets */,
				C200BE672590B08300ADC009 /* LaunchScreen.storyboard */,
				C200BE6A2590B08300ADC009 /* Info.plist */,
			);
			path = TinyToyTank;
			sourceTree = "<group>";
		};
		C200BE722590B08300ADC009 /* TinyToyTankTests */ = {
			isa = PBXGroup;
			children = (
				C200BE732590B08300ADC009 /* TinyToyTankTests.swift */,
				C200BE752590B08300ADC009 /* Info.plist */,
			);
			path = TinyToyTankTests;
			sourceTree = "<group>";
		};
		C200BE7D2590B08300ADC009 /* TinyToyTankUITests */ = {
			isa = PBXGroup;
			children = (
				C200BE7E2590B08300ADC009 /* TinyToyTankUITests.swift */,
				C200BE802590B08300ADC009 /* Info.plist */,
			);
			path = TinyToyTankUITests;
			sourceTree = "<group>";
		};
/* End PBXGroup section */

/* Begin PBXNativeTarget section */
		C200BE582590B08100ADC009 /* TinyToyTank */ = {
			isa = PBXNativeTarget;
			buildConfigurationList = C200BE832590B08300ADC009 /* Build configuration list for PBXNativeTarget "TinyToyTank" */;
			buildPhases = (
				C200BE552590B08100ADC009 /* Sources */,
				C200BE562590B08100ADC009 /* Frameworks */,
				C200BE572590B08100ADC009 /* Resources */,
			);
			buildRules = (
			);
			dependencies = (
			);
			name = TinyToyTank;
			productName = TinyToyTank;
			productReference = C200BE592590B08100ADC009 /* TinyToyTank.app */;
			productType = "com.apple.product-type.application";
		};
		C200BE6E2590B08300ADC009 /* TinyToyTankTests */ = {
			isa = PBXNativeTarget;
			buildConfigurationList = C200BE862590B08300ADC009 /* Build configuration list for PBXNativeTarget "TinyToyTankTests" */;
			buildPhases = (
				C200BE6B2590B08300ADC009 /* Sources */,
				C200BE6C2590B08300ADC009 /* Frameworks */,
				C200BE6D2590B08300ADC009 /* Resources */,
			);
			buildRules = (
			);
			dependencies = (
				C200BE712590B08300ADC009 /* PBXTargetDependency */,
			);
			name = TinyToyTankTests;
			productName = TinyToyTankTests;
			productReference = C200BE6F2590B08300ADC009 /* TinyToyTankTests.xctest */;
			productType = "com.apple.product-type.bundle.unit-test";
		};
		C200BE792590B08300ADC009 /* TinyToyTankUITests */ = {
			isa = PBXNativeTarget;
			buildConfigurationList = C200BE892590B08300ADC009 /* Build configuration list for PBXNativeTarget "TinyToyTankUITests" */;
			buildPhases = (
				C200BE762590B08300ADC009 /* Sources */,
				C200BE772590B08300ADC009 /* Frameworks */,
				C200BE782590B08300ADC009 /* Resources */,
			);
			buildRules = (
			);
			dependencies = (
				C200BE7C2590B08300ADC009 /* PBXTargetDependency */,
			);
			name = TinyToyTankUITests;
			productName = TinyToyTankUITests;
			productReference = C200BE7A2590B08300ADC009 /* TinyToyTankUITests.xctest */;
			productType = "com.apple.product-type.bundle.ui-testing";
		};
/* End PBXNativeTarget section */

/* Begin PBXProject section */
		C200BE512590B08100ADC009 /* Project object */ = {
			isa = PBXProject;
			attributes = {
				LastSwiftUpdateCheck = 1230;
				LastUpgradeCheck = 1230;
				TargetAttributes = {
					C200BE582590B08100ADC009 = {
						CreatedOnToolsVersion = 12.3;
					};
					C200BE6E2590B08300ADC009 = {
						CreatedOnToolsVersion = 12.3;
						TestTargetID = C200BE582590B08100ADC009;
					};
					C200BE792590B08300ADC009 = {
						CreatedOnToolsVersion = 12.3;
						TestTargetID = C200BE582590B08100ADC009;
					};
				};
			};
			buildConfigurationList = C200BE542590B08100ADC009 /* Build configuration list for PBXProject "TinyToyTank" */;
			compatibilityVersion = "Xcode 9.3";
			developmentRegion = en;
			hasScannedForEncodings = 0;
			knownRegions = (
				en,
				Base,
			);
			mainGroup = C200BE502590B08100ADC009;
			productRefGroup = C200BE5A2590B08100ADC009 /* Products */;
			projectDirPath = "";
			projectRoot = "";
			targets = (
				C200BE582590B08100ADC009 /* TinyToyTank */,
				C200BE6E2590B08300ADC009 /* TinyToyTankTests */,
				C200BE792590B08300ADC009 /* TinyToyTankUITests */,
			);
		};
/* End PBXProject section */

/* Begin PBXResourcesBuildPhase section */
		C200BE572590B08100ADC009 /* Resources */ = {
			isa = PBXResourcesBuildPhase;
			buildActionMask = 2147483647;
			files = (
				C200BE692590B08300ADC009 /* LaunchScreen.storyboard in Resources */,
				C200BE662590B08300ADC009 /* Assets.xcassets in Resources */,
				C200BE642590B08100ADC009 /* Main.storyboard in Resources */,
			);
			runOnlyForDeploymentPostprocessing = 0;
		};
		C200BE6D2590B08300ADC009 /* Resources */ = {
			isa = PBXResourcesBuildPhase;
			buildActionMask = 2147483647;
			files = (
			);
			runOnlyForDeploymentPostprocessing = 0;
		};
		C200BE782590B08300ADC009 /* Resources */ = {
			isa = PBXResourcesBuildPhase;
			buildActionMask = 2147483647;
			files = (
			);
			runOnlyForDeploymentPostprocessing = 0;
		};
/* End PBXResourcesBuildPhase section */

/* Begin PBXSourcesBuildPhase section */
		C200BE552590B08100ADC009 /* Sources */ = {
			isa = PBXSourcesBuildPhase;
			buildActionMask = 2147483647;
			files = (
				C200BE5F2590B08100ADC009 /* ViewController.swift in Sources */,
				C200BE5D2590B08100ADC009 /* AppDelegate.swift in Sources */,
				C200BE932590B18E00ADC009 /* TinyToyTank.rcproject in Sources */,
			);
			runOnlyForDeploymentPostprocessing = 0;
		};
		C200BE6B2590B08300ADC009 /* Sources */ = {
			isa = PBXSourcesBuildPhase;
			buildActionMask = 2147483647;
			files = (
				C200BE742590B08300ADC009 /* TinyToyTankTests.swift in Sources */,
			);
			runOnlyForDeploymentPostprocessing = 0;
		};
		C200BE762590B08300ADC009 /* Sources */ = {
			isa = PBXSourcesBuildPhase;
			buildActionMask = 2147483647;
			files = (
				C200BE7F2590B08300ADC009 /* TinyToyTankUITests.swift in Sources */,
			);
			runOnlyForDeploymentPostprocessing = 0;
		};
/* End PBXSourcesBuildPhase section */

/* Begin PBXTargetDependency section */
		C200BE712590B08300ADC009 /* PBXTargetDependency */ = {
			isa = PBXTargetDependency;
			target = C200BE582590B08100ADC009 /* TinyToyTank */;
			targetProxy = C200BE702590B08300ADC009 /* PBXContainerItemProxy */;
		};
		C200BE7C2590B08300ADC009 /* PBXTargetDependency */ = {
			isa = PBXTargetDependency;
			target = C200BE582590B08100ADC009 /* TinyToyTank */;
			targetProxy = C200BE7B2590B08300ADC009 /* PBXContainerItemProxy */;
		};
/* End PBXTargetDependency section */

/* Begin PBXVariantGroup section */
		C200BE622590B08100ADC009 /* Main.storyboard */ = {
			isa = PBXVariantGroup;
			children = (
				C200BE632590B08100ADC009 /* Base */,
			);
			name = Main.storyboard;
			sourceTree = "<group>";
		};
		C200BE672590B08300ADC009 /* LaunchScreen.storyboard */ = {
			isa = PBXVariantGroup;
			children = (
				C200BE682590B08300ADC009 /* Base */,
			);
			name = LaunchScreen.storyboard;
			sourceTree = "<group>";
		};
/* End PBXVariantGroup section */

/* Begin XCBuildConfiguration section */
		C200BE812590B08300ADC009 /* Debug */ = {
			isa = XCBuildConfiguration;
			buildSettings = {
				ALWAYS_SEARCH_USER_PATHS = NO;
				CLANG_ANALYZER_NONNULL = YES;
				CLANG_ANALYZER_NUMBER_OBJECT_CONVERSION = YES_AGGRESSIVE;
				CLANG_CXX_LANGUAGE_STANDARD = "gnu++14";
				CLANG_CXX_LIBRARY = "libc++";
				CLANG_ENABLE_MODULES = YES;
				CLANG_ENABLE_OBJC_ARC = YES;
				CLANG_ENABLE_OBJC_WEAK = YES;
				CLANG_WARN_BLOCK_CAPTURE_AUTORELEASING = YES;
				CLANG_WARN_BOOL_CONVERSION = YES;
				CLANG_WARN_COMMA = YES;
				CLANG_WARN_CONSTANT_CONVERSION = YES;
				CLANG_WARN_DEPRECATED_OBJC_IMPLEMENTATIONS = YES;
				CLANG_WARN_DIRECT_OBJC_ISA_USAGE = YES_ERROR;
				CLANG_WARN_DOCUMENTATION_COMMENTS = YES;
				CLANG_WARN_EMPTY_BODY = YES;
				CLANG_WARN_ENUM_CONVERSION = YES;
				CLANG_WARN_INFINITE_RECURSION = YES;
				CLANG_WARN_INT_CONVERSION = YES;
				CLANG_WARN_NON_LITERAL_NULL_CONVERSION = YES;
				CLANG_WARN_OBJC_IMPLICIT_RETAIN_SELF = YES;
				CLANG_WARN_OBJC_LITERAL_CONVERSION = YES;
				CLANG_WARN_OBJC_ROOT_CLASS = YES_ERROR;
				CLANG_WARN_QUOTED_INCLUDE_IN_FRAMEWORK_HEADER = YES;
				CLANG_WARN_RANGE_LOOP_ANALYSIS = YES;
				CLANG_WARN_STRICT_PROTOTYPES = YES;
				CLANG_WARN_SUSPICIOUS_MOVE = YES;
				CLANG_WARN_UNGUARDED_AVAILABILITY = YES_AGGRESSIVE;
				CLANG_WARN_UNREACHABLE_CODE = YES;
				CLANG_WARN__DUPLICATE_METHOD_MATCH = YES;
				COPY_PHASE_STRIP = NO;
				DEBUG_INFORMATION_FORMAT = dwarf;
				ENABLE_STRICT_OBJC_MSGSEND = YES;
				ENABLE_TESTABILITY = YES;
				GCC_C_LANGUAGE_STANDARD = gnu11;
				GCC_DYNAMIC_NO_PIC = NO;
				GCC_NO_COMMON_BLOCKS = YES;
				GCC_OPTIMIZATION_LEVEL = 0;
				GCC_PREPROCESSOR_DEFINITIONS = (
					"DEBUG=1",
					"$(inherited)",
				);
				GCC_WARN_64_TO_32_BIT_CONVERSION = YES;
				GCC_WARN_ABOUT_RETURN_TYPE = YES_ERROR;
				GCC_WARN_UNDECLARED_SELECTOR = YES;
				GCC_WARN_UNINITIALIZED_AUTOS = YES_AGGRESSIVE;
				GCC_WARN_UNUSED_FUNCTION = YES;
				GCC_WARN_UNUSED_VARIABLE = YES;
				IPHONEOS_DEPLOYMENT_TARGET = 14.3;
				MTL_ENABLE_DEBUG_INFO = INCLUDE_SOURCE;
				MTL_FAST_MATH = YES;
				ONLY_ACTIVE_ARCH = YES;
				SDKROOT = iphoneos;
				SWIFT_ACTIVE_COMPILATION_CONDITIONS = DEBUG;
				SWIFT_OPTIMIZATION_LEVEL = "-Onone";
			};
			name = Debug;
		};
		C200BE822590B08300ADC009 /* Release */ = {
			isa = XCBuildConfiguration;
			buildSettings = {
				ALWAYS_SEARCH_USER_PATHS = NO;
				CLANG_ANALYZER_NONNULL = YES;
				CLANG_ANALYZER_NUMBER_OBJECT_CONVERSION = YES_AGGRESSIVE;
				CLANG_CXX_LANGUAGE_STANDARD = "gnu++14";
				CLANG_CXX_LIBRARY = "libc++";
				CLANG_ENABLE_MODULES = YES;
				CLANG_ENABLE_OBJC_ARC = YES;
				CLANG_ENABLE_OBJC_WEAK = YES;
				CLANG_WARN_BLOCK_CAPTURE_AUTORELEASING = YES;
				CLANG_WARN_BOOL_CONVERSION = YES;
				CLANG_WARN_COMMA = YES;
				CLANG_WARN_CONSTANT_CONVERSION = YES;
				CLANG_WARN_DEPRECATED_OBJC_IMPLEMENTATIONS = YES;
				CLANG_WARN_DIRECT_OBJC_ISA_USAGE = YES_ERROR;
				CLANG_WARN_DOCUMENTATION_COMMENTS = YES;
				CLANG_WARN_EMPTY_BODY = YES;
				CLANG_WARN_ENUM_CONVERSION = YES;
				CLANG_WARN_INFINITE_RECURSION = YES;
				CLANG_WARN_INT_CONVERSION = YES;
				CLANG_WARN_NON_LITERAL_NULL_CONVERSION = YES;
				CLANG_WARN_OBJC_IMPLICIT_RETAIN_SELF = YES;
				CLANG_WARN_OBJC_LITERAL_CONVERSION = YES;
				CLANG_WARN_OBJC_ROOT_CLASS = YES_ERROR;
				CLANG_WARN_QUOTED_INCLUDE_IN_FRAMEWORK_HEADER = YES;
				CLANG_WARN_RANGE_LOOP_ANALYSIS = YES;
				CLANG_WARN_STRICT_PROTOTYPES = YES;
				CLANG_WARN_SUSPICIOUS_MOVE = YES;
				CLANG_WARN_UNGUARDED_AVAILABILITY = YES_AGGRESSIVE;
				CLANG_WARN_UNREACHABLE_CODE = YES;
				CLANG_WARN__DUPLICATE_METHOD_MATCH = YES;
				COPY_PHASE_STRIP = NO;
				DEBUG_INFORMATION_FORMAT = "dwarf-with-dsym";
				ENABLE_NS_ASSERTIONS = NO;
				ENABLE_STRICT_OBJC_MSGSEND = YES;
				GCC_C_LANGUAGE_STANDARD = gnu11;
				GCC_NO_COMMON_BLOCKS = YES;
				GCC_WARN_64_TO_32_BIT_CONVERSION = YES;
				GCC_WARN_ABOUT_RETURN_TYPE = YES_ERROR;
				GCC_WARN_UNDECLARED_SELECTOR = YES;
				GCC_WARN_UNINITIALIZED_AUTOS = YES_AGGRESSIVE;
				GCC_WARN_UNUSED_FUNCTION = YES;
				GCC_WARN_UNUSED_VARIABLE = YES;
				IPHONEOS_DEPLOYMENT_TARGET = 14.3;
				MTL_ENABLE_DEBUG_INFO = NO;
				MTL_FAST_MATH = YES;
				SDKROOT = iphoneos;
				SWIFT_COMPILATION_MODE = wholemodule;
				SWIFT_OPTIMIZATION_LEVEL = "-O";
				VALIDATE_PRODUCT = YES;
			};
			name = Release;
		};
		C200BE842590B08300ADC009 /* Debug */ = {
			isa = XCBuildConfiguration;
			buildSettings = {
				ASSETCATALOG_COMPILER_APPICON_NAME = AppIcon;
				ASSETCATALOG_COMPILER_GLOBAL_ACCENT_COLOR_NAME = AccentColor;
				CODE_SIGN_STYLE = Automatic;
				DEVELOPMENT_TEAM = W7AV3KQ282;
				INFOPLIST_FILE = TinyToyTank/Info.plist;
				IPHONEOS_DEPLOYMENT_TARGET = 14.3;
				LD_RUNPATH_SEARCH_PATHS = (
					"$(inherited)",
					"@executable_path/Frameworks",
				);
				PRODUCT_BUNDLE_IDENTIFIER = JSWork.TinyToyTank;
				PRODUCT_NAME = "$(TARGET_NAME)";
				SWIFT_VERSION = 5.0;
				TARGETED_DEVICE_FAMILY = "1,2";
			};
			name = Debug;
		};
		C200BE852590B08300ADC009 /* Release */ = {
			isa = XCBuildConfiguration;
			buildSettings = {
				ASSETCATALOG_COMPILER_APPICON_NAME = AppIcon;
				ASSETCATALOG_COMPILER_GLOBAL_ACCENT_COLOR_NAME = AccentColor;
				CODE_SIGN_STYLE = Automatic;
				DEVELOPMENT_TEAM = W7AV3KQ282;
				INFOPLIST_FILE = TinyToyTank/Info.plist;
				IPHONEOS_DEPLOYMENT_TARGET = 14.3;
				LD_RUNPATH_SEARCH_PATHS = (
					"$(inherited)",
					"@executable_path/Frameworks",
				);
				PRODUCT_BUNDLE_IDENTIFIER = JSWork.TinyToyTank;
				PRODUCT_NAME = "$(TARGET_NAME)";
				SWIFT_VERSION = 5.0;
				TARGETED_DEVICE_FAMILY = "1,2";
			};
			name = Release;
		};
		C200BE872590B08300ADC009 /* Debug */ = {
			isa = XCBuildConfiguration;
			buildSettings = {
				ALWAYS_EMBED_SWIFT_STANDARD_LIBRARIES = YES;
				BUNDLE_LOADER = "$(TEST_HOST)";
				CODE_SIGN_STYLE = Automatic;
				DEVELOPMENT_TEAM = W7AV3KQ282;
				INFOPLIST_FILE = TinyToyTankTests/Info.plist;
				IPHONEOS_DEPLOYMENT_TARGET = 14.3;
				LD_RUNPATH_SEARCH_PATHS = (
					"$(inherited)",
					"@executable_path/Frameworks",
					"@loader_path/Frameworks",
				);
				PRODUCT_BUNDLE_IDENTIFIER = JSWork.TinyToyTankTests;
				PRODUCT_NAME = "$(TARGET_NAME)";
				SWIFT_VERSION = 5.0;
				TARGETED_DEVICE_FAMILY = "1,2";
				TEST_HOST = "$(BUILT_PRODUCTS_DIR)/TinyToyTank.app/TinyToyTank";
			};
			name = Debug;
		};
		C200BE882590B08300ADC009 /* Release */ = {
			isa = XCBuildConfiguration;
			buildSettings = {
				ALWAYS_EMBED_SWIFT_STANDARD_LIBRARIES = YES;
				BUNDLE_LOADER = "$(TEST_HOST)";
				CODE_SIGN_STYLE = Automatic;
				DEVELOPMENT_TEAM = W7AV3KQ282;
				INFOPLIST_FILE = TinyToyTankTests/Info.plist;
				IPHONEOS_DEPLOYMENT_TARGET = 14.3;
				LD_RUNPATH_SEARCH_PATHS = (
					"$(inherited)",
					"@executable_path/Frameworks",
					"@loader_path/Frameworks",
				);
				PRODUCT_BUNDLE_IDENTIFIER = JSWork.TinyToyTankTests;
				PRODUCT_NAME = "$(TARGET_NAME)";
				SWIFT_VERSION = 5.0;
				TARGETED_DEVICE_FAMILY = "1,2";
				TEST_HOST = "$(BUILT_PRODUCTS_DIR)/TinyToyTank.app/TinyToyTank";
			};
			name = Release;
		};
		C200BE8A2590B08300ADC009 /* Debug */ = {
			isa = XCBuildConfiguration;
			buildSettings = {
				ALWAYS_EMBED_SWIFT_STANDARD_LIBRARIES = YES;
				CODE_SIGN_STYLE = Automatic;
				DEVELOPMENT_TEAM = W7AV3KQ282;
				INFOPLIST_FILE = TinyToyTankUITests/Info.plist;
				LD_RUNPATH_SEARCH_PATHS = (
					"$(inherited)",
					"@executable_path/Frameworks",
					"@loader_path/Frameworks",
				);
				PRODUCT_BUNDLE_IDENTIFIER = JSWork.TinyToyTankUITests;
				PRODUCT_NAME = "$(TARGET_NAME)";
				SWIFT_VERSION = 5.0;
				TARGETED_DEVICE_FAMILY = "1,2";
				TEST_TARGET_NAME = TinyToyTank;
			};
			name = Debug;
		};
		C200BE8B2590B08300ADC009 /* Release */ = {
			isa = XCBuildConfiguration;
			buildSettings = {
				ALWAYS_EMBED_SWIFT_STANDARD_LIBRARIES = YES;
				CODE_SIGN_STYLE = Automatic;
				DEVELOPMENT_TEAM = W7AV3KQ282;
				INFOPLIST_FILE = TinyToyTankUITests/Info.plist;
				LD_RUNPATH_SEARCH_PATHS = (
					"$(inherited)",
					"@executable_path/Frameworks",
					"@loader_path/Frameworks",
				);
				PRODUCT_BUNDLE_IDENTIFIER = JSWork.TinyToyTankUITests;
				PRODUCT_NAME = "$(TARGET_NAME)";
				SWIFT_VERSION = 5.0;
				TARGETED_DEVICE_FAMILY = "1,2";
				TEST_TARGET_NAME = TinyToyTank;
			};
			name = Release;
		};
/* End XCBuildConfiguration section */

/* Begin XCConfigurationList section */
		C200BE542590B08100ADC009 /* Build configuration list for PBXProject "TinyToyTank" */ = {
			isa = XCConfigurationList;
			buildConfigurations = (
				C200BE812590B08300ADC009 /* Debug */,
				C200BE822590B08300ADC009 /* Release */,
			);
			defaultConfigurationIsVisible = 0;
			defaultConfigurationName = Release;
		};
		C200BE832590B08300ADC009 /* Build configuration list for PBXNativeTarget "TinyToyTank" */ = {
			isa = XCConfigurationList;
			buildConfigurations = (
				C200BE842590B08300ADC009 /* Debug */,
				C200BE852590B08300ADC009 /* Release */,
			);
			defaultConfigurationIsVisible = 0;
			defaultConfigurationName = Release;
		};
		C200BE862590B08300ADC009 /* Build configuration list for PBXNativeTarget "TinyToyTankTests" */ = {
			isa = XCConfigurationList;
			buildConfigurations = (
				C200BE872590B08300ADC009 /* Debug */,
				C200BE882590B08300ADC009 /* Release */,
			);
			defaultConfigurationIsVisible = 0;
			defaultConfigurationName = Release;
		};
		C200BE892590B08300ADC009 /* Build configuration list for PBXNativeTarget "TinyToyTankUITests" */ = {
			isa = XCConfigurationList;
			buildConfigurations = (
				C200BE8A2590B08300ADC009 /* Debug */,
				C200BE8B2590B08300ADC009 /* Release */,
			);
			defaultConfigurationIsVisible = 0;
			defaultConfigurationName = Release;
		};
/* End XCConfigurationList section */
	};
	rootObject = C200BE512590B08100ADC009 /* Project object */;
}
